
Microsoft Visual Studio Solution File, Format Version 10.00
# Visual Studio 2008
Project("{FAE04EC0-301F-11D3-BF4B-00C04F79EFBC}") = "DI_App", "DI_App\DI_App.csproj", "{849E8847-7181-48D8-A8A7-5163AFE01FFE}"
EndProject
Global
	GlobalSection(SolutionConfigurationPlatforms) = preSolution
		Debug|Any CPU = Debug|Any CPU
		Release|Any CPU = Release|Any CPU
	EndGlobalSection
	GlobalSection(ProjectConfigurationPlatforms) = postSolution
		{849E8847-7181-48D8-A8A7-5163AFE01FFE}.Debug|Any CPU.ActiveCfg = Debug|Any CPU
		{849E8847-7181-48D8-A8A7-5163AFE01FFE}.Debug|Any CPU.Build.0 = Debug|Any CPU
		{849E8847-7181-48D8-A8A7-5163AFE01FFE}.Release|Any CPU.ActiveCfg = Release|Any CPU
		{849E8847-7181-48D8-A8A7-5163AFE01FFE}.Release|Any CPU.Build.0 = Release|Any CPU
	EndGlobalSection
	GlobalSection(SolutionProperties) = preSolution
		HideSolutionNode = FALSE
	EndGlobalSection
EndGlobal
